
Microsoft Visual Studio Solution File, Format Version 12.00
# Visual Studio Version 17
VisualStudioVersion = 17.2.32630.192
MinimumVisualStudioVersion = 10.0.40219.1
Project("{FAE04EC0-301F-11D3-BF4B-00C04F79EFBC}") = "InfoTrackScraper", "InfoTrackScraper\InfoTrackScraper.csproj", "{8CFEF659-17D9-4416-AEA9-51071E1C69FC}"
EndProject
Project("{FAE04EC0-301F-11D3-BF4B-00C04F79EFBC}") = "InfoTrackScraper.Tests", "InfoTrackScraper.Tests\InfoTrackScraper.Tests.csproj", "{1C7F2BC6-73B3-4066-B717-4A397FD16B45}"
EndProject
Global
	GlobalSection(SolutionConfigurationPlatforms) = preSolution
		Debug|Any CPU = Debug|Any CPU
		Release|Any CPU = Release|Any CPU
	EndGlobalSection
	GlobalSection(ProjectConfigurationPlatforms) = postSolution
		{8CFEF659-17D9-4416-AEA9-51071E1C69FC}.Debug|Any CPU.ActiveCfg = Debug|Any CPU
		{8CFEF659-17D9-4416-AEA9-51071E1C69FC}.Debug|Any CPU.Build.0 = Debug|Any CPU
		{8CFEF659-17D9-4416-AEA9-51071E1C69FC}.Release|Any CPU.ActiveCfg = Release|Any CPU
		{8CFEF659-17D9-4416-AEA9-51071E1C69FC}.Release|Any CPU.Build.0 = Release|Any CPU
		{1C7F2BC6-73B3-4066-B717-4A397FD16B45}.Debug|Any CPU.ActiveCfg = Debug|Any CPU
		{1C7F2BC6-73B3-4066-B717-4A397FD16B45}.Debug|Any CPU.Build.0 = Debug|Any CPU
		{1C7F2BC6-73B3-4066-B717-4A397FD16B45}.Release|Any CPU.ActiveCfg = Release|Any CPU
		{1C7F2BC6-73B3-4066-B717-4A397FD16B45}.Release|Any CPU.Build.0 = Release|Any CPU
	EndGlobalSection
	GlobalSection(SolutionProperties) = preSolution
		HideSolutionNode = FALSE
	EndGlobalSection
	GlobalSection(ExtensibilityGlobals) = postSolution
		SolutionGuid = {BF8B4E4D-AA1F-48D5-9505-21CA5AB214E2}
	EndGlobalSection
EndGlobal
